
Microsoft Visual Studio Solution File, Format Version 12.00
# Visual Studio 2013
VisualStudioVersion = 12.0.30723.0
MinimumVisualStudioVersion = 10.0.40219.1
Project("{CC5FD16D-436D-48AD-A40C-5A424C6E3E79}") = "Azure.Dsc.Cloud", "Azure.Dsc.Cloud\Azure.Dsc.Cloud.ccproj", "{674933F8-FEF0-45A2-AD8D-F1626EE2F268}"
EndProject
Project("{FAE04EC0-301F-11D3-BF4B-00C04F79EFBC}") = "Azure.Dsc.Server", "Azure.Dsc.Server\Azure.Dsc.Server.csproj", "{4D74A411-DD24-4B52-8754-FB5FC0461701}"
EndProject
Project("{FAE04EC0-301F-11D3-BF4B-00C04F79EFBC}") = "Azure.Dsc.Common", "Azure.Dsc.Common\Azure.Dsc.Common.csproj", "{B359295A-1C52-402D-B9CC-A3ADBE2A364F}"
EndProject
Global
	GlobalSection(SolutionConfigurationPlatforms) = preSolution
		Debug|Any CPU = Debug|Any CPU
		Release|Any CPU = Release|Any CPU
	EndGlobalSection
	GlobalSection(ProjectConfigurationPlatforms) = postSolution
		{674933F8-FEF0-45A2-AD8D-F1626EE2F268}.Debug|Any CPU.ActiveCfg = Debug|Any CPU
		{674933F8-FEF0-45A2-AD8D-F1626EE2F268}.Debug|Any CPU.Build.0 = Debug|Any CPU
		{674933F8-FEF0-45A2-AD8D-F1626EE2F268}.Release|Any CPU.ActiveCfg = Release|Any CPU
		{674933F8-FEF0-45A2-AD8D-F1626EE2F268}.Release|Any CPU.Build.0 = Release|Any CPU
		{4D74A411-DD24-4B52-8754-FB5FC0461701}.Debug|Any CPU.ActiveCfg = Debug|Any CPU
		{4D74A411-DD24-4B52-8754-FB5FC0461701}.Debug|Any CPU.Build.0 = Debug|Any CPU
		{4D74A411-DD24-4B52-8754-FB5FC0461701}.Release|Any CPU.ActiveCfg = Release|Any CPU
		{4D74A411-DD24-4B52-8754-FB5FC0461701}.Release|Any CPU.Build.0 = Release|Any CPU
		{B359295A-1C52-402D-B9CC-A3ADBE2A364F}.Debug|Any CPU.ActiveCfg = Debug|Any CPU
		{B359295A-1C52-402D-B9CC-A3ADBE2A364F}.Debug|Any CPU.Build.0 = Debug|Any CPU
		{B359295A-1C52-402D-B9CC-A3ADBE2A364F}.Release|Any CPU.ActiveCfg = Release|Any CPU
		{B359295A-1C52-402D-B9CC-A3ADBE2A364F}.Release|Any CPU.Build.0 = Release|Any CPU
	EndGlobalSection
	GlobalSection(SolutionProperties) = preSolution
		HideSolutionNode = FALSE
	EndGlobalSection
EndGlobal
